PODS:
  - BlocksKit (2.2.5):
    - BlocksKit/All (= 2.2.5)
  - BlocksKit/All (2.2.5):
    - BlocksKit/Core
    - BlocksKit/DynamicDelegate
    - BlocksKit/MessageUI
    - BlocksKit/UIKit
  - BlocksKit/Core (2.2.5)
  - BlocksKit/DynamicDelegate (2.2.5)
  - BlocksKit/MessageUI (2.2.5):
    - BlocksKit/Core
    - BlocksKit/DynamicDelegate
  - BlocksKit/UIKit (2.2.5):
    - BlocksKit/Core
    - BlocksKit/DynamicDelegate
  - Masonry (1.1.0)
  - SDWebImage (4.4.6):
    - SDWebImage/Core (= 4.4.6)
  - SDWebImage/Core (4.4.6)
  - YYText (1.0.7)
  - ZBImageText (0.0.1):
    - BlocksKit
    - Masonry
    - SDWebImage
    - YYText

DEPENDENCIES:
  - BlocksKit
  - Masonry
  - SDWebImage
  - YYText
  - ZBImageText (from `../`)

EXTERNAL SOURCES:
  ZBImageText:
    :path: ../

SPEC CHECKSUMS:
  BlocksKit: 7f422b971407001178d181a43b99014ea2591fe6
  Masonry: 678fab65091a9290e40e2832a55e7ab731aad201
  SDWebImage: 3f3f0c02f09798048c47a5ed0a13f17b063572d8
  YYText: 5c461d709e24d55a182d1441c41dc639a18a4849
  ZBImageText: af292a950a0ec25ee4ce5de959a468bd5897ed73

PODFILE CHECKSUM: d30d65a639436383cd4da84ebaeccc264dc21341

COCOAPODS: 1.4.0
